
Microsoft Visual Studio Solution File, Format Version 12.00
# Visual Studio Version 17
VisualStudioVersion = 17.1.32407.343
MinimumVisualStudioVersion = 10.0.40219.1
Project("{FAE04EC0-301F-11D3-BF4B-00C04F79EFBC}") = "RentACars", "RentACars\RentACars.csproj", "{083CA2E5-4171-443B-A1D8-55679E86E4EE}"
EndProject
Global
	GlobalSection(SolutionConfigurationPlatforms) = preSolution
		Debug|Any CPU = Debug|Any CPU
		Release|Any CPU = Release|Any CPU
	EndGlobalSection
	GlobalSection(ProjectConfigurationPlatforms) = postSolution
		{083CA2E5-4171-443B-A1D8-55679E86E4EE}.Debug|Any CPU.ActiveCfg = Debug|Any CPU
		{083CA2E5-4171-443B-A1D8-55679E86E4EE}.Debug|Any CPU.Build.0 = Debug|Any CPU
		{083CA2E5-4171-443B-A1D8-55679E86E4EE}.Release|Any CPU.ActiveCfg = Release|Any CPU
		{083CA2E5-4171-443B-A1D8-55679E86E4EE}.Release|Any CPU.Build.0 = Release|Any CPU
	EndGlobalSection
	GlobalSection(SolutionProperties) = preSolution
		HideSolutionNode = FALSE
	EndGlobalSection
	GlobalSection(ExtensibilityGlobals) = postSolution
		SolutionGuid = {8C104F93-4544-4D30-B4F1-B8A1539FA42B}
	EndGlobalSection
EndGlobal
